
Microsoft Visual Studio Solution File, Format Version 11.00
# Visual Studio 2010
Project("{FAE04EC0-301F-11D3-BF4B-00C04F79EFBC}") = "SurrealWorld", "Assembly-CSharp.csproj", "{FEFCB92C-6C76-7DD5-2E26-AA3ACEA45AC7}"
EndProject
Project("{FAE04EC0-301F-11D3-BF4B-00C04F79EFBC}") = "SurrealWorld", "Assembly-CSharp-firstpass.csproj", "{47BA5598-89A3-F996-38B9-EA718E88D6F0}"
EndProject
Project("{FAE04EC0-301F-11D3-BF4B-00C04F79EFBC}") = "SurrealWorld", "Assembly-CSharp-Editor-firstpass.csproj", "{05CABDFF-5145-5A31-EBC8-05F17948A7DF}"
EndProject
Project("{FAE04EC0-301F-11D3-BF4B-00C04F79EFBC}") = "SurrealWorld", "Assembly-CSharp-Editor.csproj", "{A30AA936-9DE8-1802-A6B7-FDD1BB80E8E1}"
EndProject
Global
	GlobalSection(SolutionConfigurationPlatforms) = preSolution
		Debug|Any CPU = Debug|Any CPU
		Release|Any CPU = Release|Any CPU
	EndGlobalSection
	GlobalSection(ProjectConfigurationPlatforms) = postSolution
		{FEFCB92C-6C76-7DD5-2E26-AA3ACEA45AC7}.Debug|Any CPU.ActiveCfg = Debug|Any CPU
		{FEFCB92C-6C76-7DD5-2E26-AA3ACEA45AC7}.Debug|Any CPU.Build.0 = Debug|Any CPU
		{FEFCB92C-6C76-7DD5-2E26-AA3ACEA45AC7}.Release|Any CPU.ActiveCfg = Release|Any CPU
		{FEFCB92C-6C76-7DD5-2E26-AA3ACEA45AC7}.Release|Any CPU.Build.0 = Release|Any CPU
		{47BA5598-89A3-F996-38B9-EA718E88D6F0}.Debug|Any CPU.ActiveCfg = Debug|Any CPU
		{47BA5598-89A3-F996-38B9-EA718E88D6F0}.Debug|Any CPU.Build.0 = Debug|Any CPU
		{47BA5598-89A3-F996-38B9-EA718E88D6F0}.Release|Any CPU.ActiveCfg = Release|Any CPU
		{47BA5598-89A3-F996-38B9-EA718E88D6F0}.Release|Any CPU.Build.0 = Release|Any CPU
		{05CABDFF-5145-5A31-EBC8-05F17948A7DF}.Debug|Any CPU.ActiveCfg = Debug|Any CPU
		{05CABDFF-5145-5A31-EBC8-05F17948A7DF}.Debug|Any CPU.Build.0 = Debug|Any CPU
		{05CABDFF-5145-5A31-EBC8-05F17948A7DF}.Release|Any CPU.ActiveCfg = Release|Any CPU
		{05CABDFF-5145-5A31-EBC8-05F17948A7DF}.Release|Any CPU.Build.0 = Release|Any CPU
		{A30AA936-9DE8-1802-A6B7-FDD1BB80E8E1}.Debug|Any CPU.ActiveCfg = Debug|Any CPU
		{A30AA936-9DE8-1802-A6B7-FDD1BB80E8E1}.Debug|Any CPU.Build.0 = Debug|Any CPU
		{A30AA936-9DE8-1802-A6B7-FDD1BB80E8E1}.Release|Any CPU.ActiveCfg = Release|Any CPU
		{A30AA936-9DE8-1802-A6B7-FDD1BB80E8E1}.Release|Any CPU.Build.0 = Release|Any CPU
	EndGlobalSection
	GlobalSection(SolutionProperties) = preSolution
		HideSolutionNode = FALSE
	EndGlobalSection
	GlobalSection(MonoDevelopProperties) = preSolution
		StartupItem = Assembly-CSharp.csproj
	EndGlobalSection
EndGlobal
